
Microsoft Visual Studio Solution File, Format Version 12.00
# Visual Studio Version 17
VisualStudioVersion = 17.10.35027.167
MinimumVisualStudioVersion = 10.0.40219.1
Project("{E24C65DC-7377-472B-9ABA-BC803B73C61A}") = "forms2", ".", "{C206AA28-3FEC-4398-974A-C13B866C5C2C}"
	ProjectSection(WebsiteProperties) = preProject
		TargetFrameworkMoniker = ".NETFramework,Version%3Dv4.7.2"
		Debug.AspNetCompiler.VirtualPath = "/localhost_59798"
		Debug.AspNetCompiler.PhysicalPath = "..\forms2\"
		Debug.AspNetCompiler.TargetPath = "PrecompiledWeb\localhost_59798\"
		Debug.AspNetCompiler.Updateable = "true"
		Debug.AspNetCompiler.ForceOverwrite = "true"
		Debug.AspNetCompiler.FixedNames = "false"
		Debug.AspNetCompiler.Debug = "True"
		Release.AspNetCompiler.VirtualPath = "/localhost_59798"
		Release.AspNetCompiler.PhysicalPath = "..\forms2\"
		Release.AspNetCompiler.TargetPath = "PrecompiledWeb\localhost_59798\"
		Release.AspNetCompiler.Updateable = "true"
		Release.AspNetCompiler.ForceOverwrite = "true"
		Release.AspNetCompiler.FixedNames = "false"
		Release.AspNetCompiler.Debug = "False"
		VWDPort = "59798"
		SlnRelativePath = "..\forms2\"
		DefaultWebSiteLanguage = "Visual C#"
	EndProjectSection
EndProject
Project("{E24C65DC-7377-472B-9ABA-BC803B73C61A}") = "replica02", "..\replica02\", "{9E673E9E-B6E7-402D-97A7-EE78CC7E32CD}"
	ProjectSection(WebsiteProperties) = preProject
		TargetFrameworkMoniker = ".NETFramework,Version%3Dv4.7.2"
		Debug.AspNetCompiler.VirtualPath = "/localhost_63926"
		Debug.AspNetCompiler.PhysicalPath = "..\replica02\"
		Debug.AspNetCompiler.TargetPath = "PrecompiledWeb\localhost_63926\"
		Debug.AspNetCompiler.Updateable = "true"
		Debug.AspNetCompiler.ForceOverwrite = "true"
		Debug.AspNetCompiler.FixedNames = "false"
		Debug.AspNetCompiler.Debug = "True"
		Release.AspNetCompiler.VirtualPath = "/localhost_63926"
		Release.AspNetCompiler.PhysicalPath = "..\replica02\"
		Release.AspNetCompiler.TargetPath = "PrecompiledWeb\localhost_63926\"
		Release.AspNetCompiler.Updateable = "true"
		Release.AspNetCompiler.ForceOverwrite = "true"
		Release.AspNetCompiler.FixedNames = "false"
		Release.AspNetCompiler.Debug = "False"
		VWDPort = "63926"
		SlnRelativePath = "..\replica02\"
		DefaultWebSiteLanguage = "Visual C#"
	EndProjectSection
EndProject
Global
	GlobalSection(SolutionConfigurationPlatforms) = preSolution
		Debug|Any CPU = Debug|Any CPU
		Debug|x86 = Debug|x86
		Release|Any CPU = Release|Any CPU
		Release|x86 = Release|x86
	EndGlobalSection
	GlobalSection(ProjectConfigurationPlatforms) = postSolution
		{C206AA28-3FEC-4398-974A-C13B866C5C2C}.Debug|Any CPU.ActiveCfg = Debug|Any CPU
		{C206AA28-3FEC-4398-974A-C13B866C5C2C}.Debug|Any CPU.Build.0 = Debug|Any CPU
		{C206AA28-3FEC-4398-974A-C13B866C5C2C}.Debug|x86.ActiveCfg = Debug|Any CPU
		{C206AA28-3FEC-4398-974A-C13B866C5C2C}.Debug|x86.Build.0 = Debug|Any CPU
		{C206AA28-3FEC-4398-974A-C13B866C5C2C}.Release|Any CPU.ActiveCfg = Debug|Any CPU
		{C206AA28-3FEC-4398-974A-C13B866C5C2C}.Release|Any CPU.Build.0 = Debug|Any CPU
		{C206AA28-3FEC-4398-974A-C13B866C5C2C}.Release|x86.ActiveCfg = Debug|Any CPU
		{C206AA28-3FEC-4398-974A-C13B866C5C2C}.Release|x86.Build.0 = Debug|Any CPU
		{9E673E9E-B6E7-402D-97A7-EE78CC7E32CD}.Debug|Any CPU.ActiveCfg = Debug|Any CPU
		{9E673E9E-B6E7-402D-97A7-EE78CC7E32CD}.Debug|Any CPU.Build.0 = Debug|Any CPU
		{9E673E9E-B6E7-402D-97A7-EE78CC7E32CD}.Debug|x86.ActiveCfg = Debug|Any CPU
		{9E673E9E-B6E7-402D-97A7-EE78CC7E32CD}.Debug|x86.Build.0 = Debug|Any CPU
		{9E673E9E-B6E7-402D-97A7-EE78CC7E32CD}.Release|Any CPU.ActiveCfg = Debug|Any CPU
		{9E673E9E-B6E7-402D-97A7-EE78CC7E32CD}.Release|Any CPU.Build.0 = Debug|Any CPU
		{9E673E9E-B6E7-402D-97A7-EE78CC7E32CD}.Release|x86.ActiveCfg = Debug|Any CPU
		{9E673E9E-B6E7-402D-97A7-EE78CC7E32CD}.Release|x86.Build.0 = Debug|Any CPU
	EndGlobalSection
	GlobalSection(SolutionProperties) = preSolution
		HideSolutionNode = FALSE
	EndGlobalSection
	GlobalSection(ExtensibilityGlobals) = postSolution
		SolutionGuid = {6AF55759-FDEE-42FA-B1F8-3EF86C183943}
	EndGlobalSection
EndGlobal
